# Lockfile v4
# This file is automatically generated by Wapm.
# It is not intended for manual editing. The schema of this file may change.
[modules."vshymanskyy/wasm3"."0.5.0".wasm3]
name = "wasm3"
package_version = "0.5.0"
package_name = "vshymanskyy/wasm3"
package_path = "vshymanskyy/wasm3@0.5.0"
resolved = "https://registry-cdn.wapm.io/packages/vshymanskyy/wasm3/wasm3-0.5.0.tar.gz"
resolved_source = "registry+wasm3"
abi = "wasi"
source = "build/wasm3-wasi.wasm"

[modules."vshymanskyy/wasm3"."0.5.0".wasm3-strace]
name = "wasm3-strace"
package_version = "0.5.0"
package_name = "vshymanskyy/wasm3"
package_path = "vshymanskyy/wasm3@0.5.0"
resolved = "https://registry-cdn.wapm.io/packages/vshymanskyy/wasm3/wasm3-0.5.0.tar.gz"
resolved_source = "registry+wasm3-strace"
abi = "wasi"
source = "build/wasm3-strace.wasm"
[commands.wasm3]
name = "wasm3"
package_name = "vshymanskyy/wasm3"
package_version = "0.5.0"
module = "wasm3"
is_top_level_dependency = true

[commands.wasm3-strace]
name = "wasm3-strace"
package_name = "vshymanskyy/wasm3"
package_version = "0.5.0"
module = "wasm3-strace"
is_top_level_dependency = true
